
Microsoft Visual Studio Solution File, Format Version 12.00
# Visual Studio 15
VisualStudioVersion = 15.0.28307.1525
MinimumVisualStudioVersion = 10.0.40219.1
Project("{FE7A1B72-C5B7-4D7C-BB7D-76384D4DE8E1}") = "TcHmiProject1", "TcHmiProject1\TcHmiProject1.hmiproj", "{F78E1002-606D-4C79-82E5-D3F3EF730DE9}"
EndProject
Global
	GlobalSection(SolutionConfigurationPlatforms) = preSolution
		Debug|TwinCAT HMI = Debug|TwinCAT HMI
		Release|TwinCAT HMI = Release|TwinCAT HMI
	EndGlobalSection
	GlobalSection(ProjectConfigurationPlatforms) = postSolution
		{F78E1002-606D-4C79-82E5-D3F3EF730DE9}.Debug|TwinCAT HMI.ActiveCfg = Debug|TwinCAT HMI
		{F78E1002-606D-4C79-82E5-D3F3EF730DE9}.Debug|TwinCAT HMI.Build.0 = Debug|TwinCAT HMI
		{F78E1002-606D-4C79-82E5-D3F3EF730DE9}.Release|TwinCAT HMI.ActiveCfg = Release|TwinCAT HMI
		{F78E1002-606D-4C79-82E5-D3F3EF730DE9}.Release|TwinCAT HMI.Build.0 = Release|TwinCAT HMI
	EndGlobalSection
	GlobalSection(SolutionProperties) = preSolution
		HideSolutionNode = FALSE
	EndGlobalSection
	GlobalSection(ExtensibilityGlobals) = postSolution
		SolutionGuid = {1B60014A-4A84-46D8-B5B4-9EB428C02B85}
	EndGlobalSection
EndGlobal
